<?xml version="1.0" encoding="utf-8"?>
<Project ToolsVersion="4.0" xmlns="http://schemas.microsoft.com/developer/msbuild/2003">
  <ItemGroup>
    <Filter Include="Source Files">
      <UniqueIdentifier>{2102fa12-69da-4177-bdb0-848be4f8aa27}</UniqueIdentifier>
      <Extensions>cpp;c;cxx;rc;def;r;odl;hpj;bat;for;f90</Extensions>
    </Filter>
    <Filter Include="Header Files">
      <UniqueIdentifier>{dde0bd3c-2720-4f99-b8c4-a88fd2f973b3}</UniqueIdentifier>
      <Extensions>h;hpp;hxx;hm;inl;fi;fd</Extensions>
    </Filter>
    <Filter Include="Resource Files">
      <UniqueIdentifier>{0dbaeb20-73de-4fff-87fa-a636a50cd2e1}</UniqueIdentifier>
      <Extensions>ico;cur;bmp;dlg;rc2;rct;bin;cnt;rtf;gif;jpg;jpeg;jpe</Extensions>
    </Filter>
  </ItemGroup>
  <ItemGroup>
    <ClCompile Include="AuthKey.cpp">
      <Filter>Source Files</Filter>
    </ClCompile>
    <ClCompile Include="BrowserVw.cpp">
      <Filter>Source Files</Filter>
    </ClCompile>
    <ClCompile Include="DataFile.cpp">
      <Filter>Source Files</Filter>
    </ClCompile>
    <ClCompile Include="FundaVw.cpp">
      <Filter>Source Files</Filter>
    </ClCompile>
    <ClCompile Include="IAccess.cpp">
      <Filter>Source Files</Filter>
    </ClCompile>
    <ClCompile Include="LISTVWEX.CPP">
      <Filter>Source Files</Filter>
    </ClCompile>
    <ClCompile Include="mainfrm.cpp">
      <Filter>Source Files</Filter>
    </ClCompile>
    <ClCompile Include="MktSumVw.cpp">
      <Filter>Source Files</Filter>
    </ClCompile>
    <ClCompile Include="PERSIST.CPP">
      <Filter>Source Files</Filter>
    </ClCompile>
    <ClCompile Include="ReadMsg.cpp">
      <Filter>Source Files</Filter>
    </ClCompile>
    <ClCompile Include="Request.cpp">
      <Filter>Source Files</Filter>
    </ClCompile>
    <ClCompile Include="RGBView.cpp">
      <Filter>Source Files</Filter>
    </ClCompile>
    <ClCompile Include="ScreenVw.cpp">
      <Filter>Source Files</Filter>
    </ClCompile>
    <ClCompile Include="SMDoc.cpp">
      <Filter>Source Files</Filter>
    </ClCompile>
    <ClCompile Include="SMView.cpp">
      <Filter>Source Files</Filter>
    </ClCompile>
    <ClCompile Include="stdafx.cpp">
      <Filter>Source Files</Filter>
    </ClCompile>
    <ClCompile Include="StkTickr.cpp">
      <Filter>Source Files</Filter>
    </ClCompile>
    <ClCompile Include="StockMon.cpp">
      <Filter>Source Files</Filter>
    </ClCompile>
    <ClCompile Include="TechChrt.cpp">
      <Filter>Source Files</Filter>
    </ClCompile>
    <ClCompile Include="Thread.cpp">
      <Filter>Source Files</Filter>
    </ClCompile>
    <ClCompile Include="TradeInf.cpp">
      <Filter>Source Files</Filter>
    </ClCompile>
    <ClCompile Include="ui.cpp">
      <Filter>Source Files</Filter>
    </ClCompile>
    <ClCompile Include="Valuation.cpp">
      <Filter>Source Files</Filter>
    </ClCompile>
    <ClCompile Include="WWW.cpp">
      <Filter>Source Files</Filter>
    </ClCompile>
  </ItemGroup>
  <ItemGroup>
    <ResourceCompile Include="StockMon.rc">
      <Filter>Source Files</Filter>
    </ResourceCompile>
  </ItemGroup>
  <ItemGroup>
    <ClInclude Include="AuthKey.h">
      <Filter>Header Files</Filter>
    </ClInclude>
    <ClInclude Include="BrowserVw.h">
      <Filter>Header Files</Filter>
    </ClInclude>
    <ClInclude Include="DataFile.h">
      <Filter>Header Files</Filter>
    </ClInclude>
    <ClInclude Include="FundaVw.h">
      <Filter>Header Files</Filter>
    </ClInclude>
    <ClInclude Include="IACCESS.H">
      <Filter>Header Files</Filter>
    </ClInclude>
    <ClInclude Include="LISTVWEX.H">
      <Filter>Header Files</Filter>
    </ClInclude>
    <ClInclude Include="mainfrm.h">
      <Filter>Header Files</Filter>
    </ClInclude>
    <ClInclude Include="MKTSUMVW.H">
      <Filter>Header Files</Filter>
    </ClInclude>
    <ClInclude Include="PERSIST.H">
      <Filter>Header Files</Filter>
    </ClInclude>
    <ClInclude Include="READMSG.H">
      <Filter>Header Files</Filter>
    </ClInclude>
    <ClInclude Include="Request.h">
      <Filter>Header Files</Filter>
    </ClInclude>
    <ClInclude Include="resource.h">
      <Filter>Header Files</Filter>
    </ClInclude>
    <ClInclude Include="RGBView.h">
      <Filter>Header Files</Filter>
    </ClInclude>
    <ClInclude Include="ScreenVw.h">
      <Filter>Header Files</Filter>
    </ClInclude>
    <ClInclude Include="SMDOC.H">
      <Filter>Header Files</Filter>
    </ClInclude>
    <ClInclude Include="SMView.h">
      <Filter>Header Files</Filter>
    </ClInclude>
    <ClInclude Include="STDAFX.H">
      <Filter>Header Files</Filter>
    </ClInclude>
    <ClInclude Include="STKTICKR.H">
      <Filter>Header Files</Filter>
    </ClInclude>
    <ClInclude Include="STOCKMON.H">
      <Filter>Header Files</Filter>
    </ClInclude>
    <ClInclude Include="TechChrt.h">
      <Filter>Header Files</Filter>
    </ClInclude>
    <ClInclude Include="THREAD.H">
      <Filter>Header Files</Filter>
    </ClInclude>
    <ClInclude Include="TradeInf.h">
      <Filter>Header Files</Filter>
    </ClInclude>
    <ClInclude Include="ui.h">
      <Filter>Header Files</Filter>
    </ClInclude>
    <ClInclude Include="UMAPI.H">
      <Filter>Header Files</Filter>
    </ClInclude>
    <ClInclude Include="Valuation.h">
      <Filter>Header Files</Filter>
    </ClInclude>
    <ClInclude Include="WWW.h">
      <Filter>Header Files</Filter>
    </ClInclude>
  </ItemGroup>
  <ItemGroup>
    <Image Include="res\ARROWS1.BMP">
      <Filter>Resource Files</Filter>
    </Image>
    <Image Include="res\BBB16BMP.BMP">
      <Filter>Resource Files</Filter>
    </Image>
    <Image Include="res\BMP00002.BMP">
      <Filter>Resource Files</Filter>
    </Image>
    <Image Include="res\ICON1.ICO">
      <Filter>Resource Files</Filter>
    </Image>
    <Image Include="res\STATEICO.BMP">
      <Filter>Resource Files</Filter>
    </Image>
    <Image Include="res\Toolbar.bmp">
      <Filter>Resource Files</Filter>
    </Image>
  </ItemGroup>
</Project>